
Microsoft Visual Studio Solution File, Format Version 12.00
# Visual Studio Version 17
VisualStudioVersion = 17.5.001.0
MinimumVisualStudioVersion = 10.0.40219.1
Project("{9A19103F-16F7-4668-BE54-9A1E7A4F7556}") = "net8codespaces", "net8codespaces.csproj", "{C18AA44E-FE0B-416B-8093-CA33C2993E05}"
EndProject
Global
	GlobalSection(SolutionConfigurationPlatforms) = preSolution
		Debug|Any CPU = Debug|Any CPU
		Release|Any CPU = Release|Any CPU
	EndGlobalSection
	GlobalSection(ProjectConfigurationPlatforms) = postSolution
		{C18AA44E-FE0B-416B-8093-CA33C2993E05}.Debug|Any CPU.ActiveCfg = Debug|Any CPU
		{C18AA44E-FE0B-416B-8093-CA33C2993E05}.Debug|Any CPU.Build.0 = Debug|Any CPU
		{C18AA44E-FE0B-416B-8093-CA33C2993E05}.Release|Any CPU.ActiveCfg = Release|Any CPU
		{C18AA44E-FE0B-416B-8093-CA33C2993E05}.Release|Any CPU.Build.0 = Release|Any CPU
	EndGlobalSection
	GlobalSection(SolutionProperties) = preSolution
		HideSolutionNode = FALSE
	EndGlobalSection
	GlobalSection(ExtensibilityGlobals) = postSolution
		SolutionGuid = {B9C5B323-F2E1-4111-B79A-D1E40C42E667}
	EndGlobalSection
EndGlobal
